
Microsoft Visual Studio Solution File, Format Version 11.00
# Visual Studio 2010
Project("{FAE04EC0-301F-11D3-BF4B-00C04F79EFBC}") = "Core", "Core\Core.csproj", "{54520F75-9326-4198-8386-A551D3EC288A}"
EndProject
Project("{FAE04EC0-301F-11D3-BF4B-00C04F79EFBC}") = "Data", "Data\Data.csproj", "{B2C0FD04-EE1C-42FD-B509-900D942ADC94}"
EndProject
Project("{FAE04EC0-301F-11D3-BF4B-00C04F79EFBC}") = "Service", "Service\Service.csproj", "{00460587-4779-4B26-93B1-943EC5B32A3B}"
EndProject
Project("{FAE04EC0-301F-11D3-BF4B-00C04F79EFBC}") = "Tests", "Tests\Tests.csproj", "{A82138D0-FD2B-4995-8413-B6E957758899}"
EndProject
Project("{FAE04EC0-301F-11D3-BF4B-00C04F79EFBC}") = "Infra", "Infra\Infra.csproj", "{C857A14B-9C6F-43B2-A720-1B8599978039}"
EndProject
Project("{FAE04EC0-301F-11D3-BF4B-00C04F79EFBC}") = "WebUI", "WebUI\WebUI.csproj", "{55E39CF2-5378-4920-B523-9E561824D328}"
EndProject
Global
	GlobalSection(SolutionConfigurationPlatforms) = preSolution
		Debug|Any CPU = Debug|Any CPU
		Debug|Mixed Platforms = Debug|Mixed Platforms
		Debug|x86 = Debug|x86
		Release|Any CPU = Release|Any CPU
		Release|Mixed Platforms = Release|Mixed Platforms
		Release|x86 = Release|x86
	EndGlobalSection
	GlobalSection(ProjectConfigurationPlatforms) = postSolution
		{54520F75-9326-4198-8386-A551D3EC288A}.Debug|Any CPU.ActiveCfg = Debug|Any CPU
		{54520F75-9326-4198-8386-A551D3EC288A}.Debug|Any CPU.Build.0 = Debug|Any CPU
		{54520F75-9326-4198-8386-A551D3EC288A}.Debug|Mixed Platforms.ActiveCfg = Debug|Any CPU
		{54520F75-9326-4198-8386-A551D3EC288A}.Debug|Mixed Platforms.Build.0 = Debug|Any CPU
		{54520F75-9326-4198-8386-A551D3EC288A}.Debug|x86.ActiveCfg = Debug|Any CPU
		{54520F75-9326-4198-8386-A551D3EC288A}.Release|Any CPU.ActiveCfg = Release|Any CPU
		{54520F75-9326-4198-8386-A551D3EC288A}.Release|Any CPU.Build.0 = Release|Any CPU
		{54520F75-9326-4198-8386-A551D3EC288A}.Release|Mixed Platforms.ActiveCfg = Release|Any CPU
		{54520F75-9326-4198-8386-A551D3EC288A}.Release|Mixed Platforms.Build.0 = Release|Any CPU
		{54520F75-9326-4198-8386-A551D3EC288A}.Release|x86.ActiveCfg = Release|Any CPU
		{B2C0FD04-EE1C-42FD-B509-900D942ADC94}.Debug|Any CPU.ActiveCfg = Debug|Any CPU
		{B2C0FD04-EE1C-42FD-B509-900D942ADC94}.Debug|Any CPU.Build.0 = Debug|Any CPU
		{B2C0FD04-EE1C-42FD-B509-900D942ADC94}.Debug|Mixed Platforms.ActiveCfg = Debug|Any CPU
		{B2C0FD04-EE1C-42FD-B509-900D942ADC94}.Debug|Mixed Platforms.Build.0 = Debug|Any CPU
		{B2C0FD04-EE1C-42FD-B509-900D942ADC94}.Debug|x86.ActiveCfg = Debug|Any CPU
		{B2C0FD04-EE1C-42FD-B509-900D942ADC94}.Release|Any CPU.ActiveCfg = Release|Any CPU
		{B2C0FD04-EE1C-42FD-B509-900D942ADC94}.Release|Any CPU.Build.0 = Release|Any CPU
		{B2C0FD04-EE1C-42FD-B509-900D942ADC94}.Release|Mixed Platforms.ActiveCfg = Release|Any CPU
		{B2C0FD04-EE1C-42FD-B509-900D942ADC94}.Release|Mixed Platforms.Build.0 = Release|Any CPU
		{B2C0FD04-EE1C-42FD-B509-900D942ADC94}.Release|x86.ActiveCfg = Release|Any CPU
		{00460587-4779-4B26-93B1-943EC5B32A3B}.Debug|Any CPU.ActiveCfg = Debug|Any CPU
		{00460587-4779-4B26-93B1-943EC5B32A3B}.Debug|Any CPU.Build.0 = Debug|Any CPU
		{00460587-4779-4B26-93B1-943EC5B32A3B}.Debug|Mixed Platforms.ActiveCfg = Debug|Any CPU
		{00460587-4779-4B26-93B1-943EC5B32A3B}.Debug|Mixed Platforms.Build.0 = Debug|Any CPU
		{00460587-4779-4B26-93B1-943EC5B32A3B}.Debug|x86.ActiveCfg = Debug|Any CPU
		{00460587-4779-4B26-93B1-943EC5B32A3B}.Release|Any CPU.ActiveCfg = Release|Any CPU
		{00460587-4779-4B26-93B1-943EC5B32A3B}.Release|Any CPU.Build.0 = Release|Any CPU
		{00460587-4779-4B26-93B1-943EC5B32A3B}.Release|Mixed Platforms.ActiveCfg = Release|Any CPU
		{00460587-4779-4B26-93B1-943EC5B32A3B}.Release|Mixed Platforms.Build.0 = Release|Any CPU
		{00460587-4779-4B26-93B1-943EC5B32A3B}.Release|x86.ActiveCfg = Release|Any CPU
		{A82138D0-FD2B-4995-8413-B6E957758899}.Debug|Any CPU.ActiveCfg = Debug|Any CPU
		{A82138D0-FD2B-4995-8413-B6E957758899}.Debug|Any CPU.Build.0 = Debug|Any CPU
		{A82138D0-FD2B-4995-8413-B6E957758899}.Debug|Mixed Platforms.ActiveCfg = Debug|Any CPU
		{A82138D0-FD2B-4995-8413-B6E957758899}.Debug|Mixed Platforms.Build.0 = Debug|Any CPU
		{A82138D0-FD2B-4995-8413-B6E957758899}.Debug|x86.ActiveCfg = Debug|Any CPU
		{A82138D0-FD2B-4995-8413-B6E957758899}.Release|Any CPU.ActiveCfg = Release|Any CPU
		{A82138D0-FD2B-4995-8413-B6E957758899}.Release|Any CPU.Build.0 = Release|Any CPU
		{A82138D0-FD2B-4995-8413-B6E957758899}.Release|Mixed Platforms.ActiveCfg = Release|Any CPU
		{A82138D0-FD2B-4995-8413-B6E957758899}.Release|Mixed Platforms.Build.0 = Release|Any CPU
		{A82138D0-FD2B-4995-8413-B6E957758899}.Release|x86.ActiveCfg = Release|Any CPU
		{C857A14B-9C6F-43B2-A720-1B8599978039}.Debug|Any CPU.ActiveCfg = Debug|Any CPU
		{C857A14B-9C6F-43B2-A720-1B8599978039}.Debug|Any CPU.Build.0 = Debug|Any CPU
		{C857A14B-9C6F-43B2-A720-1B8599978039}.Debug|Mixed Platforms.ActiveCfg = Debug|Any CPU
		{C857A14B-9C6F-43B2-A720-1B8599978039}.Debug|Mixed Platforms.Build.0 = Debug|Any CPU
		{C857A14B-9C6F-43B2-A720-1B8599978039}.Debug|x86.ActiveCfg = Debug|Any CPU
		{C857A14B-9C6F-43B2-A720-1B8599978039}.Release|Any CPU.ActiveCfg = Release|Any CPU
		{C857A14B-9C6F-43B2-A720-1B8599978039}.Release|Any CPU.Build.0 = Release|Any CPU
		{C857A14B-9C6F-43B2-A720-1B8599978039}.Release|Mixed Platforms.ActiveCfg = Release|Any CPU
		{C857A14B-9C6F-43B2-A720-1B8599978039}.Release|Mixed Platforms.Build.0 = Release|Any CPU
		{C857A14B-9C6F-43B2-A720-1B8599978039}.Release|x86.ActiveCfg = Release|Any CPU
		{55E39CF2-5378-4920-B523-9E561824D328}.Debug|Any CPU.ActiveCfg = Debug|Any CPU
		{55E39CF2-5378-4920-B523-9E561824D328}.Debug|Any CPU.Build.0 = Debug|Any CPU
		{55E39CF2-5378-4920-B523-9E561824D328}.Debug|Mixed Platforms.ActiveCfg = Debug|Any CPU
		{55E39CF2-5378-4920-B523-9E561824D328}.Debug|Mixed Platforms.Build.0 = Debug|Any CPU
		{55E39CF2-5378-4920-B523-9E561824D328}.Debug|x86.ActiveCfg = Debug|Any CPU
		{55E39CF2-5378-4920-B523-9E561824D328}.Release|Any CPU.ActiveCfg = Release|Any CPU
		{55E39CF2-5378-4920-B523-9E561824D328}.Release|Any CPU.Build.0 = Release|Any CPU
		{55E39CF2-5378-4920-B523-9E561824D328}.Release|Mixed Platforms.ActiveCfg = Release|Any CPU
		{55E39CF2-5378-4920-B523-9E561824D328}.Release|Mixed Platforms.Build.0 = Release|Any CPU
		{55E39CF2-5378-4920-B523-9E561824D328}.Release|x86.ActiveCfg = Release|Any CPU
	EndGlobalSection
	GlobalSection(SolutionProperties) = preSolution
		HideSolutionNode = FALSE
	EndGlobalSection
EndGlobal
